
Microsoft Visual Studio Solution File, Format Version 12.00
# Visual Studio Version 17
VisualStudioVersion = 17.12.35527.113
MinimumVisualStudioVersion = 10.0.40219.1
Project("{FAE04EC0-301F-11D3-BF4B-00C04F79EFBC}") = "PresentationLayer1", "LibraryManagement\PresentationLayer1.csproj", "{77AB16E2-16D7-424F-93F5-6F4306516CDA}"
EndProject
Project("{FAE04EC0-301F-11D3-BF4B-00C04F79EFBC}") = "LibraryPresentationLayer", "LibraryPresentationLayer\LibraryPresentationLayer.csproj", "{D3DAB949-D22D-48C4-A1DA-E7CD4C842D2F}"
EndProject
Project("{FAE04EC0-301F-11D3-BF4B-00C04F79EFBC}") = "LibraryDataLayer", "LibraryDataLayer\LibraryDataLayer.csproj", "{79F6211D-7677-4CE0-97CE-006B0E96243B}"
EndProject
Project("{FAE04EC0-301F-11D3-BF4B-00C04F79EFBC}") = "LibraryBusinessLayer", "LibraryBusinessLayer\LibraryBusinessLayer.csproj", "{59A389E6-1DAA-4BA0-BCAB-CA148DBD72B2}"
EndProject
Project("{FAE04EC0-301F-11D3-BF4B-00C04F79EFBC}") = "LibraryDataTranferObject_", "LibraryDataTranferObject_\LibraryDataTranferObject_.csproj", "{6EB90250-A7FD-49C6-94F4-D792AAA1CF69}"
EndProject
Global
	GlobalSection(SolutionConfigurationPlatforms) = preSolution
		Debug|Any CPU = Debug|Any CPU
		Release|Any CPU = Release|Any CPU
	EndGlobalSection
	GlobalSection(ProjectConfigurationPlatforms) = postSolution
		{77AB16E2-16D7-424F-93F5-6F4306516CDA}.Debug|Any CPU.ActiveCfg = Debug|Any CPU
		{77AB16E2-16D7-424F-93F5-6F4306516CDA}.Debug|Any CPU.Build.0 = Debug|Any CPU
		{77AB16E2-16D7-424F-93F5-6F4306516CDA}.Release|Any CPU.ActiveCfg = Release|Any CPU
		{77AB16E2-16D7-424F-93F5-6F4306516CDA}.Release|Any CPU.Build.0 = Release|Any CPU
		{D3DAB949-D22D-48C4-A1DA-E7CD4C842D2F}.Debug|Any CPU.ActiveCfg = Debug|Any CPU
		{D3DAB949-D22D-48C4-A1DA-E7CD4C842D2F}.Debug|Any CPU.Build.0 = Debug|Any CPU
		{D3DAB949-D22D-48C4-A1DA-E7CD4C842D2F}.Release|Any CPU.ActiveCfg = Release|Any CPU
		{D3DAB949-D22D-48C4-A1DA-E7CD4C842D2F}.Release|Any CPU.Build.0 = Release|Any CPU
		{79F6211D-7677-4CE0-97CE-006B0E96243B}.Debug|Any CPU.ActiveCfg = Debug|Any CPU
		{79F6211D-7677-4CE0-97CE-006B0E96243B}.Debug|Any CPU.Build.0 = Debug|Any CPU
		{79F6211D-7677-4CE0-97CE-006B0E96243B}.Release|Any CPU.ActiveCfg = Release|Any CPU
		{79F6211D-7677-4CE0-97CE-006B0E96243B}.Release|Any CPU.Build.0 = Release|Any CPU
		{59A389E6-1DAA-4BA0-BCAB-CA148DBD72B2}.Debug|Any CPU.ActiveCfg = Debug|Any CPU
		{59A389E6-1DAA-4BA0-BCAB-CA148DBD72B2}.Debug|Any CPU.Build.0 = Debug|Any CPU
		{59A389E6-1DAA-4BA0-BCAB-CA148DBD72B2}.Release|Any CPU.ActiveCfg = Release|Any CPU
		{59A389E6-1DAA-4BA0-BCAB-CA148DBD72B2}.Release|Any CPU.Build.0 = Release|Any CPU
		{6EB90250-A7FD-49C6-94F4-D792AAA1CF69}.Debug|Any CPU.ActiveCfg = Debug|Any CPU
		{6EB90250-A7FD-49C6-94F4-D792AAA1CF69}.Debug|Any CPU.Build.0 = Debug|Any CPU
		{6EB90250-A7FD-49C6-94F4-D792AAA1CF69}.Release|Any CPU.ActiveCfg = Release|Any CPU
		{6EB90250-A7FD-49C6-94F4-D792AAA1CF69}.Release|Any CPU.Build.0 = Release|Any CPU
	EndGlobalSection
	GlobalSection(SolutionProperties) = preSolution
		HideSolutionNode = FALSE
	EndGlobalSection
EndGlobal
